
Microsoft Visual Studio Solution File, Format Version 12.00
# Visual Studio Version 16
VisualStudioVersion = 16.0.29806.167
MinimumVisualStudioVersion = 10.0.40219.1
Project("{FAE04EC0-301F-11D3-BF4B-00C04F79EFBC}") = "Lab9_4_Thomas_Morris", "Lab9_4_Thomas_Morris\Lab9_4_Thomas_Morris.csproj", "{5FACBA74-1537-4136-9229-402C9184C5D6}"
EndProject
Global
	GlobalSection(SolutionConfigurationPlatforms) = preSolution
		Debug|Any CPU = Debug|Any CPU
		Release|Any CPU = Release|Any CPU
	EndGlobalSection
	GlobalSection(ProjectConfigurationPlatforms) = postSolution
		{5FACBA74-1537-4136-9229-402C9184C5D6}.Debug|Any CPU.ActiveCfg = Debug|Any CPU
		{5FACBA74-1537-4136-9229-402C9184C5D6}.Debug|Any CPU.Build.0 = Debug|Any CPU
		{5FACBA74-1537-4136-9229-402C9184C5D6}.Release|Any CPU.ActiveCfg = Release|Any CPU
		{5FACBA74-1537-4136-9229-402C9184C5D6}.Release|Any CPU.Build.0 = Release|Any CPU
	EndGlobalSection
	GlobalSection(SolutionProperties) = preSolution
		HideSolutionNode = FALSE
	EndGlobalSection
	GlobalSection(ExtensibilityGlobals) = postSolution
		SolutionGuid = {AB0DC925-EE84-495F-97C7-95461800F400}
	EndGlobalSection
EndGlobal
